
Microsoft Visual Studio Solution File, Format Version 12.00
# Visual Studio 2013
VisualStudioVersion = 12.0.21005.1
MinimumVisualStudioVersion = 10.0.40219.1
Project("{FAE04EC0-301F-11D3-BF4B-00C04F79EFBC}") = "Rev_String", "Rev_String\Rev_String.csproj", "{4A9E9C69-517A-41BE-8FB1-10EC4399192C}"
EndProject
Global
	GlobalSection(SolutionConfigurationPlatforms) = preSolution
		Debug|Any CPU = Debug|Any CPU
		Release|Any CPU = Release|Any CPU
	EndGlobalSection
	GlobalSection(ProjectConfigurationPlatforms) = postSolution
		{4A9E9C69-517A-41BE-8FB1-10EC4399192C}.Debug|Any CPU.ActiveCfg = Debug|Any CPU
		{4A9E9C69-517A-41BE-8FB1-10EC4399192C}.Debug|Any CPU.Build.0 = Debug|Any CPU
		{4A9E9C69-517A-41BE-8FB1-10EC4399192C}.Release|Any CPU.ActiveCfg = Release|Any CPU
		{4A9E9C69-517A-41BE-8FB1-10EC4399192C}.Release|Any CPU.Build.0 = Release|Any CPU
	EndGlobalSection
	GlobalSection(SolutionProperties) = preSolution
		HideSolutionNode = FALSE
	EndGlobalSection
EndGlobal
